{
  "name": "YulaCinema",
  "lockfileVersion": 3,
  "requires": true,
  "packages": {
    "": {
      "dependencies": {
        "rnnoise-wasm": "^0.0.1-security"
      }
    },
    "node_modules/rnnoise-wasm": {
      "version": "0.0.1-security",
      "resolved": "https://registry.npmjs.org/rnnoise-wasm/-/rnnoise-wasm-0.0.1-security.tgz",
      "integrity": "sha512-SJkZyax49+Wr6oy4dDwzP8dUGiITyApKoHPnJhOIqjOtuKF1MrP7PV2nEUX8NrgbQUmWG0qD6Nn5OCExGStrsQ=="
    }
  }
}
